
Microsoft Visual Studio Solution File, Format Version 12.00
# Visual Studio 2012
Project("{FAE04EC0-301F-11D3-BF4B-00C04F79EFBC}") = "Runtime.Bindings.Android", "Runtime.Bindings.Android\Runtime.Bindings.Android.csproj", "{BF2AEFFB-3E91-461D-935A-73B4139352FF}"
EndProject
Project("{2150E333-8FDC-42A3-9474-1A3956D46DE8}") = "Solution Items", "Solution Items", "{A0AEE860-CA10-46A1-8025-9B0BDC76F1B8}"
	ProjectSection(SolutionItems) = preProject
		README.md = README.md
	EndProjectSection
EndProject
Project("{2150E333-8FDC-42A3-9474-1A3956D46DE8}") = "samples", "samples", "{2A74B521-8EF8-487C-88BD-ECB9C193D45E}"
EndProject
Project("{FAE04EC0-301F-11D3-BF4B-00C04F79EFBC}") = "samples.basemap", "samples\samples.basemap\samples.basemap.csproj", "{1547222F-3985-4813-8675-886A6D7E6871}"
EndProject
Global
	GlobalSection(SolutionConfigurationPlatforms) = preSolution
		Debug|Any CPU = Debug|Any CPU
		Release|Any CPU = Release|Any CPU
	EndGlobalSection
	GlobalSection(ProjectConfigurationPlatforms) = postSolution
		{1547222F-3985-4813-8675-886A6D7E6871}.Debug|Any CPU.ActiveCfg = Debug|Any CPU
		{1547222F-3985-4813-8675-886A6D7E6871}.Debug|Any CPU.Build.0 = Debug|Any CPU
		{1547222F-3985-4813-8675-886A6D7E6871}.Release|Any CPU.ActiveCfg = Release|Any CPU
		{1547222F-3985-4813-8675-886A6D7E6871}.Release|Any CPU.Build.0 = Release|Any CPU
		{BF2AEFFB-3E91-461D-935A-73B4139352FF}.Debug|Any CPU.ActiveCfg = Debug|Any CPU
		{BF2AEFFB-3E91-461D-935A-73B4139352FF}.Debug|Any CPU.Build.0 = Debug|Any CPU
		{BF2AEFFB-3E91-461D-935A-73B4139352FF}.Release|Any CPU.ActiveCfg = Release|Any CPU
		{BF2AEFFB-3E91-461D-935A-73B4139352FF}.Release|Any CPU.Build.0 = Release|Any CPU
	EndGlobalSection
	GlobalSection(NestedProjects) = preSolution
		{1547222F-3985-4813-8675-886A6D7E6871} = {2A74B521-8EF8-487C-88BD-ECB9C193D45E}
	EndGlobalSection
	GlobalSection(MonoDevelopProperties) = preSolution
		Policies = $0
		$0.VersionControlPolicy = $1
		$1.inheritsSet = Mono
	EndGlobalSection
EndGlobal
